
Microsoft Visual Studio Solution File, Format Version 12.00
# Visual Studio Version 17
VisualStudioVersion = 17.14.36414.22 d17.14
MinimumVisualStudioVersion = 10.0.40219.1
Project("{FAE04EC0-301F-11D3-BF4B-00C04F79EFBC}") = "StyleHub", "StyleHub\StyleHub.csproj", "{156E845A-3EEF-4EDA-874D-DB4C170FD11D}"
EndProject
Global
	GlobalSection(SolutionConfigurationPlatforms) = preSolution
		Debug|Any CPU = Debug|Any CPU
		Release|Any CPU = Release|Any CPU
	EndGlobalSection
	GlobalSection(ProjectConfigurationPlatforms) = postSolution
		{156E845A-3EEF-4EDA-874D-DB4C170FD11D}.Debug|Any CPU.ActiveCfg = Debug|Any CPU
		{156E845A-3EEF-4EDA-874D-DB4C170FD11D}.Debug|Any CPU.Build.0 = Debug|Any CPU
		{156E845A-3EEF-4EDA-874D-DB4C170FD11D}.Release|Any CPU.ActiveCfg = Release|Any CPU
		{156E845A-3EEF-4EDA-874D-DB4C170FD11D}.Release|Any CPU.Build.0 = Release|Any CPU
	EndGlobalSection
	GlobalSection(SolutionProperties) = preSolution
		HideSolutionNode = FALSE
	EndGlobalSection
	GlobalSection(ExtensibilityGlobals) = postSolution
		SolutionGuid = {9428DC00-0857-4BF6-A4FF-187DC3EFE370}
	EndGlobalSection
EndGlobal
